
Microsoft Visual Studio Solution File, Format Version 12.00
Project("{FAE04EC0-301F-11D3-BF4B-00C04F79EFBC}") = "UI", "UI\UI.csproj", "{B251FCF4-3A20-4885-A6D6-1DF78606F5FC}"
EndProject
Project("{FAE04EC0-301F-11D3-BF4B-00C04F79EFBC}") = "DAL", "DAL\DAL.csproj", "{A4116DA1-6A8C-47FD-A8F8-71A8F4E9E357}"
EndProject
Project("{FAE04EC0-301F-11D3-BF4B-00C04F79EFBC}") = "Common", "Common\Common.csproj", "{9586B2F1-2841-454D-A3F1-4A0BF252E672}"
EndProject
Project("{FAE04EC0-301F-11D3-BF4B-00C04F79EFBC}") = "API", "API\API.csproj", "{3F13F28D-7B5E-4FA0-93DF-597ECB43E24F}"
EndProject
Project("{2150E333-8FDC-42A3-9474-1A3956D46DE8}") = "Backend", "Backend", "{D558BDAA-9E9F-49E5-BF63-20C912125B4F}"
EndProject
Global
	GlobalSection(SolutionConfigurationPlatforms) = preSolution
		Debug|Any CPU = Debug|Any CPU
		Release|Any CPU = Release|Any CPU
	EndGlobalSection
	GlobalSection(ProjectConfigurationPlatforms) = postSolution
		{B251FCF4-3A20-4885-A6D6-1DF78606F5FC}.Debug|Any CPU.ActiveCfg = Debug|Any CPU
		{B251FCF4-3A20-4885-A6D6-1DF78606F5FC}.Debug|Any CPU.Build.0 = Debug|Any CPU
		{B251FCF4-3A20-4885-A6D6-1DF78606F5FC}.Release|Any CPU.ActiveCfg = Release|Any CPU
		{B251FCF4-3A20-4885-A6D6-1DF78606F5FC}.Release|Any CPU.Build.0 = Release|Any CPU
		{A4116DA1-6A8C-47FD-A8F8-71A8F4E9E357}.Debug|Any CPU.ActiveCfg = Debug|Any CPU
		{A4116DA1-6A8C-47FD-A8F8-71A8F4E9E357}.Debug|Any CPU.Build.0 = Debug|Any CPU
		{A4116DA1-6A8C-47FD-A8F8-71A8F4E9E357}.Release|Any CPU.ActiveCfg = Release|Any CPU
		{A4116DA1-6A8C-47FD-A8F8-71A8F4E9E357}.Release|Any CPU.Build.0 = Release|Any CPU
		{9586B2F1-2841-454D-A3F1-4A0BF252E672}.Debug|Any CPU.ActiveCfg = Debug|Any CPU
		{9586B2F1-2841-454D-A3F1-4A0BF252E672}.Debug|Any CPU.Build.0 = Debug|Any CPU
		{9586B2F1-2841-454D-A3F1-4A0BF252E672}.Release|Any CPU.ActiveCfg = Release|Any CPU
		{9586B2F1-2841-454D-A3F1-4A0BF252E672}.Release|Any CPU.Build.0 = Release|Any CPU
		{3F13F28D-7B5E-4FA0-93DF-597ECB43E24F}.Debug|Any CPU.ActiveCfg = Debug|Any CPU
		{3F13F28D-7B5E-4FA0-93DF-597ECB43E24F}.Debug|Any CPU.Build.0 = Debug|Any CPU
		{3F13F28D-7B5E-4FA0-93DF-597ECB43E24F}.Release|Any CPU.ActiveCfg = Release|Any CPU
		{3F13F28D-7B5E-4FA0-93DF-597ECB43E24F}.Release|Any CPU.Build.0 = Release|Any CPU
	EndGlobalSection
	GlobalSection(NestedProjects) = preSolution
		{A4116DA1-6A8C-47FD-A8F8-71A8F4E9E357} = {D558BDAA-9E9F-49E5-BF63-20C912125B4F}
		{9586B2F1-2841-454D-A3F1-4A0BF252E672} = {D558BDAA-9E9F-49E5-BF63-20C912125B4F}
		{3F13F28D-7B5E-4FA0-93DF-597ECB43E24F} = {D558BDAA-9E9F-49E5-BF63-20C912125B4F}
	EndGlobalSection
EndGlobal
